
Microsoft Visual Studio Solution File, Format Version 12.00
# Visual Studio 2013
VisualStudioVersion = 12.0.31101.0
MinimumVisualStudioVersion = 10.0.40219.1
Project("{FAE04EC0-301F-11D3-BF4B-00C04F79EFBC}") = "XdataFi", "WebAPI_final\XdataFi.csproj", "{1F2F1DE9-26FE-41AD-9D1C-806B03C4ADFD}"
EndProject
Project("{FAE04EC0-301F-11D3-BF4B-00C04F79EFBC}") = "UnitTest", "UnitTestProject1\UnitTest.csproj", "{692EDD3C-7887-4F18-939E-D53F98ABF968}"
EndProject
Global
	GlobalSection(SolutionConfigurationPlatforms) = preSolution
		Debug|Any CPU = Debug|Any CPU
		Release|Any CPU = Release|Any CPU
	EndGlobalSection
	GlobalSection(ProjectConfigurationPlatforms) = postSolution
		{1F2F1DE9-26FE-41AD-9D1C-806B03C4ADFD}.Debug|Any CPU.ActiveCfg = Debug|Any CPU
		{1F2F1DE9-26FE-41AD-9D1C-806B03C4ADFD}.Debug|Any CPU.Build.0 = Debug|Any CPU
		{1F2F1DE9-26FE-41AD-9D1C-806B03C4ADFD}.Release|Any CPU.ActiveCfg = Release|Any CPU
		{1F2F1DE9-26FE-41AD-9D1C-806B03C4ADFD}.Release|Any CPU.Build.0 = Release|Any CPU
		{692EDD3C-7887-4F18-939E-D53F98ABF968}.Debug|Any CPU.ActiveCfg = Debug|Any CPU
		{692EDD3C-7887-4F18-939E-D53F98ABF968}.Debug|Any CPU.Build.0 = Debug|Any CPU
		{692EDD3C-7887-4F18-939E-D53F98ABF968}.Release|Any CPU.ActiveCfg = Release|Any CPU
		{692EDD3C-7887-4F18-939E-D53F98ABF968}.Release|Any CPU.Build.0 = Release|Any CPU
	EndGlobalSection
	GlobalSection(SolutionProperties) = preSolution
		HideSolutionNode = FALSE
	EndGlobalSection
EndGlobal
